
Microsoft Visual Studio Solution File, Format Version 12.00
# Visual Studio Version 16
VisualStudioVersion = 16.0.30509.233
MinimumVisualStudioVersion = 10.0.40219.1
Project("{FAE04EC0-301F-11D3-BF4B-00C04F79EFBC}") = "blog-validate", "blog-validate\blog-validate.csproj", "{2C688C61-DD91-47C1-88D4-83280E282294}"
EndProject
Global
	GlobalSection(SolutionConfigurationPlatforms) = preSolution
		Debug|Any CPU = Debug|Any CPU
		Release|Any CPU = Release|Any CPU
	EndGlobalSection
	GlobalSection(ProjectConfigurationPlatforms) = postSolution
		{2C688C61-DD91-47C1-88D4-83280E282294}.Debug|Any CPU.ActiveCfg = Debug|Any CPU
		{2C688C61-DD91-47C1-88D4-83280E282294}.Debug|Any CPU.Build.0 = Debug|Any CPU
		{2C688C61-DD91-47C1-88D4-83280E282294}.Release|Any CPU.ActiveCfg = Release|Any CPU
		{2C688C61-DD91-47C1-88D4-83280E282294}.Release|Any CPU.Build.0 = Release|Any CPU
	EndGlobalSection
	GlobalSection(SolutionProperties) = preSolution
		HideSolutionNode = FALSE
	EndGlobalSection
	GlobalSection(ExtensibilityGlobals) = postSolution
		SolutionGuid = {620A387B-DC26-449B-869C-5EF55E72B2A6}
	EndGlobalSection
EndGlobal
